
Microsoft Visual Studio Solution File, Format Version 12.00
# Visual Studio Version 17
VisualStudioVersion = 17.7.34202.233
MinimumVisualStudioVersion = 10.0.40219.1
Project("{FAE04EC0-301F-11D3-BF4B-00C04F79EFBC}") = "Panait_Marius_laborator1", "Panait_Marius_laborator1.csproj", "{ED43EFDF-73AE-4E03-A73E-C69F391C2834}"
EndProject
Global
	GlobalSection(SolutionConfigurationPlatforms) = preSolution
		Debug|Any CPU = Debug|Any CPU
		Release|Any CPU = Release|Any CPU
	EndGlobalSection
	GlobalSection(ProjectConfigurationPlatforms) = postSolution
		{ED43EFDF-73AE-4E03-A73E-C69F391C2834}.Debug|Any CPU.ActiveCfg = Debug|Any CPU
		{ED43EFDF-73AE-4E03-A73E-C69F391C2834}.Debug|Any CPU.Build.0 = Debug|Any CPU
		{ED43EFDF-73AE-4E03-A73E-C69F391C2834}.Release|Any CPU.ActiveCfg = Release|Any CPU
		{ED43EFDF-73AE-4E03-A73E-C69F391C2834}.Release|Any CPU.Build.0 = Release|Any CPU
	EndGlobalSection
	GlobalSection(SolutionProperties) = preSolution
		HideSolutionNode = FALSE
	EndGlobalSection
	GlobalSection(ExtensibilityGlobals) = postSolution
		SolutionGuid = {7135F32A-DB55-4F5B-9735-1DC895EBB53F}
	EndGlobalSection
EndGlobal
